
Microsoft Visual Studio Solution File, Format Version 12.00
# Visual Studio Version 17
VisualStudioVersion = 17.0.31903.59
MinimumVisualStudioVersion = 10.0.40219.1
Project("{FAE04EC0-301F-11D3-BF4B-00C04F79EFBC}") = "Pomoday.Repository", "Pomoday.Repository\Pomoday.Repository.csproj", "{97B2FE01-51D5-44C8-9CC3-0E4FD04EDB15}"
EndProject
Project("{FAE04EC0-301F-11D3-BF4B-00C04F79EFBC}") = "Pomoday.Service", "Pomoday.Service\Pomoday.Service.csproj", "{C5C597EA-DB66-4ED9-B2C3-1FD35C2B31E8}"
EndProject
Project("{FAE04EC0-301F-11D3-BF4B-00C04F79EFBC}") = "Pomoday.CrossCutting", "Pomoday.CrossCutting\Pomoday.CrossCutting.csproj", "{ECB77FD9-BB39-4908-8297-E4A98886FE05}"
EndProject
Global
	GlobalSection(SolutionConfigurationPlatforms) = preSolution
		Debug|Any CPU = Debug|Any CPU
		Release|Any CPU = Release|Any CPU
	EndGlobalSection
	GlobalSection(ProjectConfigurationPlatforms) = postSolution
		{97B2FE01-51D5-44C8-9CC3-0E4FD04EDB15}.Debug|Any CPU.ActiveCfg = Debug|Any CPU
		{97B2FE01-51D5-44C8-9CC3-0E4FD04EDB15}.Debug|Any CPU.Build.0 = Debug|Any CPU
		{97B2FE01-51D5-44C8-9CC3-0E4FD04EDB15}.Release|Any CPU.ActiveCfg = Release|Any CPU
		{97B2FE01-51D5-44C8-9CC3-0E4FD04EDB15}.Release|Any CPU.Build.0 = Release|Any CPU
		{C5C597EA-DB66-4ED9-B2C3-1FD35C2B31E8}.Debug|Any CPU.ActiveCfg = Debug|Any CPU
		{C5C597EA-DB66-4ED9-B2C3-1FD35C2B31E8}.Debug|Any CPU.Build.0 = Debug|Any CPU
		{C5C597EA-DB66-4ED9-B2C3-1FD35C2B31E8}.Release|Any CPU.ActiveCfg = Release|Any CPU
		{C5C597EA-DB66-4ED9-B2C3-1FD35C2B31E8}.Release|Any CPU.Build.0 = Release|Any CPU
		{ECB77FD9-BB39-4908-8297-E4A98886FE05}.Debug|Any CPU.ActiveCfg = Debug|Any CPU
		{ECB77FD9-BB39-4908-8297-E4A98886FE05}.Debug|Any CPU.Build.0 = Debug|Any CPU
		{ECB77FD9-BB39-4908-8297-E4A98886FE05}.Release|Any CPU.ActiveCfg = Release|Any CPU
		{ECB77FD9-BB39-4908-8297-E4A98886FE05}.Release|Any CPU.Build.0 = Release|Any CPU
	EndGlobalSection
	GlobalSection(SolutionProperties) = preSolution
		HideSolutionNode = FALSE
	EndGlobalSection
	GlobalSection(ExtensibilityGlobals) = postSolution
		SolutionGuid = {55A60B84-7B50-4319-9255-DFB89A3B651A}
	EndGlobalSection
EndGlobal
